
Microsoft Visual Studio Solution File, Format Version 12.00
# Visual Studio Version 16
VisualStudioVersion = 16.0.31112.23
MinimumVisualStudioVersion = 10.0.40219.1
Project("{9A19103F-16F7-4668-BE54-9A1E7A4F7556}") = "BookList", "BookList\BookList.csproj", "{C6A79B01-2321-4BB1-8610-E0E41D713466}"
EndProject
Global
	GlobalSection(SolutionConfigurationPlatforms) = preSolution
		Debug|Any CPU = Debug|Any CPU
		Release|Any CPU = Release|Any CPU
	EndGlobalSection
	GlobalSection(ProjectConfigurationPlatforms) = postSolution
		{C6A79B01-2321-4BB1-8610-E0E41D713466}.Debug|Any CPU.ActiveCfg = Debug|Any CPU
		{C6A79B01-2321-4BB1-8610-E0E41D713466}.Debug|Any CPU.Build.0 = Debug|Any CPU
		{C6A79B01-2321-4BB1-8610-E0E41D713466}.Release|Any CPU.ActiveCfg = Release|Any CPU
		{C6A79B01-2321-4BB1-8610-E0E41D713466}.Release|Any CPU.Build.0 = Release|Any CPU
	EndGlobalSection
	GlobalSection(SolutionProperties) = preSolution
		HideSolutionNode = FALSE
	EndGlobalSection
	GlobalSection(ExtensibilityGlobals) = postSolution
		SolutionGuid = {56F8F094-BD47-449C-B432-F6BD29C8B25C}
	EndGlobalSection
EndGlobal
